
Microsoft Visual Studio Solution File, Format Version 12.00
# Visual Studio Version 17
VisualStudioVersion = 17.0.31903.59
MinimumVisualStudioVersion = 10.0.40219.1
Project("{FAE04EC0-301F-11D3-BF4B-00C04F79EFBC}") = "Books.API", "Books.API\Books.API.csproj", "{16A7033E-F8BE-4DB1-AFB1-2152A5888C46}"
EndProject
Project("{FAE04EC0-301F-11D3-BF4B-00C04F79EFBC}") = "Books.Shared", "Books.Shared\Books.Shared.csproj", "{00D65E89-0718-4605-8293-D0EFB63CF537}"
EndProject
Project("{FAE04EC0-301F-11D3-BF4B-00C04F79EFBC}") = "Books.AppHost", "Books.AppHost\Books.AppHost.csproj", "{703585AC-8A0C-46CA-9DC0-B26C32223FFF}"
EndProject
Project("{FAE04EC0-301F-11D3-BF4B-00C04F79EFBC}") = "Books.RabbitMq.CreatedPublisherConsumer", "Books.RabbitMq.CreatedPublisherConsumer\Books.RabbitMq.CreatedPublisherConsumer.csproj", "{C6988F48-79EE-4F9B-8E79-34938C251F8B}"
EndProject
Global
	GlobalSection(SolutionConfigurationPlatforms) = preSolution
		Debug|Any CPU = Debug|Any CPU
		Release|Any CPU = Release|Any CPU
	EndGlobalSection
	GlobalSection(SolutionProperties) = preSolution
		HideSolutionNode = FALSE
	EndGlobalSection
	GlobalSection(ProjectConfigurationPlatforms) = postSolution
		{16A7033E-F8BE-4DB1-AFB1-2152A5888C46}.Debug|Any CPU.ActiveCfg = Debug|Any CPU
		{16A7033E-F8BE-4DB1-AFB1-2152A5888C46}.Debug|Any CPU.Build.0 = Debug|Any CPU
		{16A7033E-F8BE-4DB1-AFB1-2152A5888C46}.Release|Any CPU.ActiveCfg = Release|Any CPU
		{16A7033E-F8BE-4DB1-AFB1-2152A5888C46}.Release|Any CPU.Build.0 = Release|Any CPU
		{00D65E89-0718-4605-8293-D0EFB63CF537}.Debug|Any CPU.ActiveCfg = Debug|Any CPU
		{00D65E89-0718-4605-8293-D0EFB63CF537}.Debug|Any CPU.Build.0 = Debug|Any CPU
		{00D65E89-0718-4605-8293-D0EFB63CF537}.Release|Any CPU.ActiveCfg = Release|Any CPU
		{00D65E89-0718-4605-8293-D0EFB63CF537}.Release|Any CPU.Build.0 = Release|Any CPU
		{703585AC-8A0C-46CA-9DC0-B26C32223FFF}.Debug|Any CPU.ActiveCfg = Debug|Any CPU
		{703585AC-8A0C-46CA-9DC0-B26C32223FFF}.Debug|Any CPU.Build.0 = Debug|Any CPU
		{703585AC-8A0C-46CA-9DC0-B26C32223FFF}.Release|Any CPU.ActiveCfg = Release|Any CPU
		{703585AC-8A0C-46CA-9DC0-B26C32223FFF}.Release|Any CPU.Build.0 = Release|Any CPU
		{C6988F48-79EE-4F9B-8E79-34938C251F8B}.Debug|Any CPU.ActiveCfg = Debug|Any CPU
		{C6988F48-79EE-4F9B-8E79-34938C251F8B}.Debug|Any CPU.Build.0 = Debug|Any CPU
		{C6988F48-79EE-4F9B-8E79-34938C251F8B}.Release|Any CPU.ActiveCfg = Release|Any CPU
		{C6988F48-79EE-4F9B-8E79-34938C251F8B}.Release|Any CPU.Build.0 = Release|Any CPU
	EndGlobalSection
EndGlobal
