
Microsoft Visual Studio Solution File, Format Version 12.00
# Visual Studio Version 17
VisualStudioVersion = 17.0.31903.59
MinimumVisualStudioVersion = 10.0.40219.1
Project("{FAE04EC0-301F-11D3-BF4B-00C04F79EFBC}") = "Books.API", "Books.API\Books.API.csproj", "{16A7033E-F8BE-4DB1-AFB1-2152A5888C46}"
EndProject
Project("{FAE04EC0-301F-11D3-BF4B-00C04F79EFBC}") = "Books.Shared", "Books.Shared\Books.Shared.csproj", "{00D65E89-0718-4605-8293-D0EFB63CF537}"
EndProject
Project("{FAE04EC0-301F-11D3-BF4B-00C04F79EFBC}") = "Books.AppHost", "Books.AppHost\Books.AppHost.csproj", "{703585AC-8A0C-46CA-9DC0-B26C32223FFF}"
EndProject
Project("{FAE04EC0-301F-11D3-BF4B-00C04F79EFBC}") = "Books.RabbitMq.CreatedPublisherConsumer", "Books.RabbitMq.CreatedPublisherConsumer\Books.RabbitMq.CreatedPublisherConsumer.csproj", "{C6988F48-79EE-4F9B-8E79-34938C251F8B}"
EndProject
Project("{FAE04EC0-301F-11D3-BF4B-00C04F79EFBC}") = "Books.RabbitMq.CreatedBookConsumer", "Books.RabbitMq.CreatedBookConsumer\Books.RabbitMq.CreatedBookConsumer.csproj", "{BFFC7A96-93A2-4065-82BE-64DBD59639C0}"
EndProject
Project("{FAE04EC0-301F-11D3-BF4B-00C04F79EFBC}") = "Books.RabbitMq.CreatedAuthorConsumer", "Books.RabbitMq.CreatedAuthorConsumer\Books.RabbitMq.CreatedAuthorConsumer.csproj", "{9806166D-AB2C-42CC-9FDA-184CCCBBB98C}"
EndProject
Project("{FAE04EC0-301F-11D3-BF4B-00C04F79EFBC}") = "Books.Kafka.CreatedAuthorConsumer", "Books.Kafka.CreatedAuthorConsumer\Books.Kafka.CreatedAuthorConsumer.csproj", "{0AE1AF44-7EB9-4D08-9F05-FA37D0B3CE6C}"
EndProject
Project("{FAE04EC0-301F-11D3-BF4B-00C04F79EFBC}") = "Books.Kafka.CreatedPublisherConsumer", "Books.Kafka.CreatedPublisherConsumer\Books.Kafka.CreatedPublisherConsumer.csproj", "{86AA230C-C527-4E12-A2DE-A8F78EEE9019}"
EndProject
Project("{FAE04EC0-301F-11D3-BF4B-00C04F79EFBC}") = "Books.Kafka.CreatedBookConsumer", "Books.Kafka.CreatedBookConsumer\Books.Kafka.CreatedBookConsumer.csproj", "{B9BDD913-547D-431B-AA5D-62265B02CEDD}"
EndProject
Project("{FAE04EC0-301F-11D3-BF4B-00C04F79EFBC}") = "Books.Kafka.Common", "Books.Kafka.Common\Books.Kafka.Common.csproj", "{040960C7-5FBF-4361-83D4-D417F5B13764}"
EndProject
Global
	GlobalSection(SolutionConfigurationPlatforms) = preSolution
		Debug|Any CPU = Debug|Any CPU
		Release|Any CPU = Release|Any CPU
	EndGlobalSection
	GlobalSection(SolutionProperties) = preSolution
		HideSolutionNode = FALSE
	EndGlobalSection
	GlobalSection(ProjectConfigurationPlatforms) = postSolution
		{16A7033E-F8BE-4DB1-AFB1-2152A5888C46}.Debug|Any CPU.ActiveCfg = Debug|Any CPU
		{16A7033E-F8BE-4DB1-AFB1-2152A5888C46}.Debug|Any CPU.Build.0 = Debug|Any CPU
		{16A7033E-F8BE-4DB1-AFB1-2152A5888C46}.Release|Any CPU.ActiveCfg = Release|Any CPU
		{16A7033E-F8BE-4DB1-AFB1-2152A5888C46}.Release|Any CPU.Build.0 = Release|Any CPU
		{00D65E89-0718-4605-8293-D0EFB63CF537}.Debug|Any CPU.ActiveCfg = Debug|Any CPU
		{00D65E89-0718-4605-8293-D0EFB63CF537}.Debug|Any CPU.Build.0 = Debug|Any CPU
		{00D65E89-0718-4605-8293-D0EFB63CF537}.Release|Any CPU.ActiveCfg = Release|Any CPU
		{00D65E89-0718-4605-8293-D0EFB63CF537}.Release|Any CPU.Build.0 = Release|Any CPU
		{703585AC-8A0C-46CA-9DC0-B26C32223FFF}.Debug|Any CPU.ActiveCfg = Debug|Any CPU
		{703585AC-8A0C-46CA-9DC0-B26C32223FFF}.Debug|Any CPU.Build.0 = Debug|Any CPU
		{703585AC-8A0C-46CA-9DC0-B26C32223FFF}.Release|Any CPU.ActiveCfg = Release|Any CPU
		{703585AC-8A0C-46CA-9DC0-B26C32223FFF}.Release|Any CPU.Build.0 = Release|Any CPU
		{C6988F48-79EE-4F9B-8E79-34938C251F8B}.Debug|Any CPU.ActiveCfg = Debug|Any CPU
		{C6988F48-79EE-4F9B-8E79-34938C251F8B}.Debug|Any CPU.Build.0 = Debug|Any CPU
		{C6988F48-79EE-4F9B-8E79-34938C251F8B}.Release|Any CPU.ActiveCfg = Release|Any CPU
		{C6988F48-79EE-4F9B-8E79-34938C251F8B}.Release|Any CPU.Build.0 = Release|Any CPU
		{BFFC7A96-93A2-4065-82BE-64DBD59639C0}.Debug|Any CPU.ActiveCfg = Debug|Any CPU
		{BFFC7A96-93A2-4065-82BE-64DBD59639C0}.Debug|Any CPU.Build.0 = Debug|Any CPU
		{BFFC7A96-93A2-4065-82BE-64DBD59639C0}.Release|Any CPU.ActiveCfg = Release|Any CPU
		{BFFC7A96-93A2-4065-82BE-64DBD59639C0}.Release|Any CPU.Build.0 = Release|Any CPU
		{9806166D-AB2C-42CC-9FDA-184CCCBBB98C}.Debug|Any CPU.ActiveCfg = Debug|Any CPU
		{9806166D-AB2C-42CC-9FDA-184CCCBBB98C}.Debug|Any CPU.Build.0 = Debug|Any CPU
		{9806166D-AB2C-42CC-9FDA-184CCCBBB98C}.Release|Any CPU.ActiveCfg = Release|Any CPU
		{9806166D-AB2C-42CC-9FDA-184CCCBBB98C}.Release|Any CPU.Build.0 = Release|Any CPU
		{0AE1AF44-7EB9-4D08-9F05-FA37D0B3CE6C}.Debug|Any CPU.ActiveCfg = Debug|Any CPU
		{0AE1AF44-7EB9-4D08-9F05-FA37D0B3CE6C}.Debug|Any CPU.Build.0 = Debug|Any CPU
		{0AE1AF44-7EB9-4D08-9F05-FA37D0B3CE6C}.Release|Any CPU.ActiveCfg = Release|Any CPU
		{0AE1AF44-7EB9-4D08-9F05-FA37D0B3CE6C}.Release|Any CPU.Build.0 = Release|Any CPU
		{86AA230C-C527-4E12-A2DE-A8F78EEE9019}.Debug|Any CPU.ActiveCfg = Debug|Any CPU
		{86AA230C-C527-4E12-A2DE-A8F78EEE9019}.Debug|Any CPU.Build.0 = Debug|Any CPU
		{86AA230C-C527-4E12-A2DE-A8F78EEE9019}.Release|Any CPU.ActiveCfg = Release|Any CPU
		{86AA230C-C527-4E12-A2DE-A8F78EEE9019}.Release|Any CPU.Build.0 = Release|Any CPU
		{B9BDD913-547D-431B-AA5D-62265B02CEDD}.Debug|Any CPU.ActiveCfg = Debug|Any CPU
		{B9BDD913-547D-431B-AA5D-62265B02CEDD}.Debug|Any CPU.Build.0 = Debug|Any CPU
		{B9BDD913-547D-431B-AA5D-62265B02CEDD}.Release|Any CPU.ActiveCfg = Release|Any CPU
		{B9BDD913-547D-431B-AA5D-62265B02CEDD}.Release|Any CPU.Build.0 = Release|Any CPU
		{040960C7-5FBF-4361-83D4-D417F5B13764}.Debug|Any CPU.ActiveCfg = Debug|Any CPU
		{040960C7-5FBF-4361-83D4-D417F5B13764}.Debug|Any CPU.Build.0 = Debug|Any CPU
		{040960C7-5FBF-4361-83D4-D417F5B13764}.Release|Any CPU.ActiveCfg = Release|Any CPU
		{040960C7-5FBF-4361-83D4-D417F5B13764}.Release|Any CPU.Build.0 = Release|Any CPU
	EndGlobalSection
EndGlobal
